
Microsoft Visual Studio Solution File, Format Version 12.00
# Visual Studio Version 17
VisualStudioVersion = 17.2.32602.215
MinimumVisualStudioVersion = 10.0.40219.1
Project("{FAE04EC0-301F-11D3-BF4B-00C04F79EFBC}") = "WebAPI", "WebAPI\WebAPI.csproj", "{C2423B35-F74A-4CAB-B960-24D1DEB71BFB}"
EndProject
Global
	GlobalSection(SolutionConfigurationPlatforms) = preSolution
		Debug|Any CPU = Debug|Any CPU
		Release|Any CPU = Release|Any CPU
	EndGlobalSection
	GlobalSection(ProjectConfigurationPlatforms) = postSolution
		{C2423B35-F74A-4CAB-B960-24D1DEB71BFB}.Debug|Any CPU.ActiveCfg = Debug|Any CPU
		{C2423B35-F74A-4CAB-B960-24D1DEB71BFB}.Debug|Any CPU.Build.0 = Debug|Any CPU
		{C2423B35-F74A-4CAB-B960-24D1DEB71BFB}.Release|Any CPU.ActiveCfg = Release|Any CPU
		{C2423B35-F74A-4CAB-B960-24D1DEB71BFB}.Release|Any CPU.Build.0 = Release|Any CPU
	EndGlobalSection
	GlobalSection(SolutionProperties) = preSolution
		HideSolutionNode = FALSE
	EndGlobalSection
	GlobalSection(ExtensibilityGlobals) = postSolution
		SolutionGuid = {82C5AE44-258A-4C2F-9001-868E935EC758}
	EndGlobalSection
EndGlobal
